// !$*UTF8*$!
{
	archiveVersion = 1;
	classes = {
	};
	objectVersion = 50;
	objects = {

/* Begin PBXBuildFile section */
		1A48CBE426C17D8C002640DD /* StaticLabel.swift in Sources */ = {isa = PBXBuildFile; fileRef = 1A48CBE326C17D8C002640DD /* StaticLabel.swift */; };
		1A48CBEA26C18987002640DD /* CircleImage.swift in Sources */ = {isa = PBXBuildFile; fileRef = 1A48CBE926C18987002640DD /* CircleImage.swift */; };
		1A48CBEC26C18A1F002640DD /* MapView.swift in Sources */ = {isa = PBXBuildFile; fileRef = 1A48CBEB26C18A1F002640DD /* MapView.swift */; };
		1A48CBEE26C18E9D002640DD /* landmarkData.json in Resources */ = {isa = PBXBuildFile; fileRef = 1A48CBED26C18E9D002640DD /* landmarkData.json */; };
		1A48CBF026C18F9E002640DD /* Landmark.swift in Sources */ = {isa = PBXBuildFile; fileRef = 1A48CBEF26C18F9E002640DD /* Landmark.swift */; };
		1A48CBF226C18FFB002640DD /* ModelData.swift in Sources */ = {isa = PBXBuildFile; fileRef = 1A48CBF126C18FFB002640DD /* ModelData.swift */; };
		1A48CBF726C19066002640DD /* LandmarkRow.swift in Sources */ = {isa = PBXBuildFile; fileRef = 1A48CBF626C19066002640DD /* LandmarkRow.swift */; };
		1A7C360F26BF448C006F599D /* AppDelegate.swift in Sources */ = {isa = PBXBuildFile; fileRef = 1A7C360E26BF448C006F599D /* AppDelegate.swift */; };
		1A7C361126BF448C006F599D /* SceneDelegate.swift in Sources */ = {isa = PBXBuildFile; fileRef = 1A7C361026BF448C006F599D /* SceneDelegate.swift */; };
		1A7C361326BF448C006F599D /* ContentView.swift in Sources */ = {isa = PBXBuildFile; fileRef = 1A7C361226BF448C006F599D /* ContentView.swift */; };
		1A7C361526BF4490006F599D /* Assets.xcassets in Resources */ = {isa = PBXBuildFile; fileRef = 1A7C361426BF4490006F599D /* Assets.xcassets */; };
		1A7C361826BF4490006F599D /* Preview Assets.xcassets in Resources */ = {isa = PBXBuildFile; fileRef = 1A7C361726BF4490006F599D /* Preview Assets.xcassets */; };
		1A7C361B26BF4490006F599D /* LaunchScreen.storyboard in Resources */ = {isa = PBXBuildFile; fileRef = 1A7C361926BF4490006F599D /* LaunchScreen.storyboard */; };
		1A7D5B5126C551D00030FECB /* SwiftUIButton.swift in Sources */ = {isa = PBXBuildFile; fileRef = 1A7D5B5026C551CF0030FECB /* SwiftUIButton.swift */; };
		1A7D5B5726C55D070030FECB /* SwiftUITextField.swift in Sources */ = {isa = PBXBuildFile; fileRef = 1A7D5B5626C55D070030FECB /* SwiftUITextField.swift */; };
		1A7D5B5B26C58ADC0030FECB /* SwiftUITextEditor.swift in Sources */ = {isa = PBXBuildFile; fileRef = 1A7D5B5A26C58ADC0030FECB /* SwiftUITextEditor.swift */; };
		1A7D5B5E26C623780030FECB /* SwiftUIImage.swift in Sources */ = {isa = PBXBuildFile; fileRef = 1A7D5B5D26C623780030FECB /* SwiftUIImage.swift */; };
		1AFE9A4526C2BFDF00034BB0 /* LandmarkList.swift in Sources */ = {isa = PBXBuildFile; fileRef = 1AFE9A4426C2BFDF00034BB0 /* LandmarkList.swift */; };
		1AFE9A4726C2C06B00034BB0 /* LandmarkDetail.swift in Sources */ = {isa = PBXBuildFile; fileRef = 1AFE9A4626C2C06B00034BB0 /* LandmarkDetail.swift */; };
		1AFE9A4926C2DC7300034BB0 /* FavoriteButton.swift in Sources */ = {isa = PBXBuildFile; fileRef = 1AFE9A4826C2DC7300034BB0 /* FavoriteButton.swift */; };
		1AFE9A4D26C2DED000034BB0 /* hikeData.json in Resources */ = {isa = PBXBuildFile; fileRef = 1AFE9A4C26C2DED000034BB0 /* hikeData.json */; };
		1AFE9A4F26C2DEE600034BB0 /* Hike.swift in Sources */ = {isa = PBXBuildFile; fileRef = 1AFE9A4E26C2DEE600034BB0 /* Hike.swift */; };
		1AFE9A5626C2E19000034BB0 /* HikeView.swift in Sources */ = {isa = PBXBuildFile; fileRef = 1AFE9A5226C2E19000034BB0 /* HikeView.swift */; };
		1AFE9A5726C2E19000034BB0 /* HikeDetail.swift in Sources */ = {isa = PBXBuildFile; fileRef = 1AFE9A5326C2E19000034BB0 /* HikeDetail.swift */; };
		1AFE9A5826C2E19000034BB0 /* GraphCapsule.swift in Sources */ = {isa = PBXBuildFile; fileRef = 1AFE9A5426C2E19000034BB0 /* GraphCapsule.swift */; };
		1AFE9A5926C2E19000034BB0 /* HikeGraph.swift in Sources */ = {isa = PBXBuildFile; fileRef = 1AFE9A5526C2E19000034BB0 /* HikeGraph.swift */; };
		1AFE9A5D26C3648400034BB0 /* CategoryHome.swift in Sources */ = {isa = PBXBuildFile; fileRef = 1AFE9A5C26C3648400034BB0 /* CategoryHome.swift */; };
		1AFE9A6026C3AE9000034BB0 /* CategoryRow.swift in Sources */ = {isa = PBXBuildFile; fileRef = 1AFE9A5F26C3AE9000034BB0 /* CategoryRow.swift */; };
		1AFE9A6226C3B6CE00034BB0 /* CategoryItem.swift in Sources */ = {isa = PBXBuildFile; fileRef = 1AFE9A6126C3B6CE00034BB0 /* CategoryItem.swift */; };
		1AFE9A6426C3BF9D00034BB0 /* Main.swift in Sources */ = {isa = PBXBuildFile; fileRef = 1AFE9A6326C3BF9D00034BB0 /* Main.swift */; };
		1AFE9A6826C3C5D000034BB0 /* Profile.swift in Sources */ = {isa = PBXBuildFile; fileRef = 1AFE9A6726C3C5D000034BB0 /* Profile.swift */; };
		1AFE9A6A26C3C60100034BB0 /* ProfileHost.swift in Sources */ = {isa = PBXBuildFile; fileRef = 1AFE9A6926C3C60100034BB0 /* ProfileHost.swift */; };
		1AFE9A6C26C3F8CF00034BB0 /* ProfileSumary.swift in Sources */ = {isa = PBXBuildFile; fileRef = 1AFE9A6B26C3F8CF00034BB0 /* ProfileSumary.swift */; };
		1AFE9A6F26C3FE0900034BB0 /* HikeBadge.swift in Sources */ = {isa = PBXBuildFile; fileRef = 1AFE9A6E26C3FE0900034BB0 /* HikeBadge.swift */; };
		1AFE9A7826C4007800034BB0 /* BadgeBackground.swift in Sources */ = {isa = PBXBuildFile; fileRef = 1AFE9A7226C4007800034BB0 /* BadgeBackground.swift */; };
		1AFE9A7A26C4007800034BB0 /* RotatedBadgeSymbol.swift in Sources */ = {isa = PBXBuildFile; fileRef = 1AFE9A7426C4007800034BB0 /* RotatedBadgeSymbol.swift */; };
		1AFE9A7B26C4007800034BB0 /* BadgeSymbol.swift in Sources */ = {isa = PBXBuildFile; fileRef = 1AFE9A7526C4007800034BB0 /* BadgeSymbol.swift */; };
		1AFE9A7C26C4007800034BB0 /* HexagonParameters.swift in Sources */ = {isa = PBXBuildFile; fileRef = 1AFE9A7626C4007800034BB0 /* HexagonParameters.swift */; };
		1AFE9A7D26C4007800034BB0 /* Badge.swift in Sources */ = {isa = PBXBuildFile; fileRef = 1AFE9A7726C4007800034BB0 /* Badge.swift */; };
/* End PBXBuildFile section */

/* Begin PBXFileReference section */
		1A48CBE326C17D8C002640DD /* StaticLabel.swift */ = {isa = PBXFileReference; lastKnownFileType = sourcecode.swift; path = StaticLabel.swift; sourceTree = "<group>"; };
		1A48CBE926C18987002640DD /* CircleImage.swift */ = {isa = PBXFileReference; lastKnownFileType = sourcecode.swift; path = CircleImage.swift; sourceTree = "<group>"; };
		1A48CBEB26C18A1F002640DD /* MapView.swift */ = {isa = PBXFileReference; lastKnownFileType = sourcecode.swift; path = MapView.swift; sourceTree = "<group>"; };
		1A48CBED26C18E9D002640DD /* landmarkData.json */ = {isa = PBXFileReference; fileEncoding = 4; lastKnownFileType = text.json; path = landmarkData.json; sourceTree = "<group>"; };
		1A48CBEF26C18F9E002640DD /* Landmark.swift */ = {isa = PBXFileReference; lastKnownFileType = sourcecode.swift; path = Landmark.swift; sourceTree = "<group>"; };
		1A48CBF126C18FFB002640DD /* ModelData.swift */ = {isa = PBXFileReference; lastKnownFileType = sourcecode.swift; path = ModelData.swift; sourceTree = "<group>"; };
		1A48CBF626C19066002640DD /* LandmarkRow.swift */ = {isa = PBXFileReference; lastKnownFileType = sourcecode.swift; path = LandmarkRow.swift; sourceTree = "<group>"; };
		1A7C360B26BF448C006F599D /* SwiftUIPart2.app */ = {isa = PBXFileReference; explicitFileType = wrapper.application; includeInIndex = 0; path = SwiftUIPart2.app; sourceTree = BUILT_PRODUCTS_DIR; };
		1A7C360E26BF448C006F599D /* AppDelegate.swift */ = {isa = PBXFileReference; lastKnownFileType = sourcecode.swift; path = AppDelegate.swift; sourceTree = "<group>"; };
		1A7C361026BF448C006F599D /* SceneDelegate.swift */ = {isa = PBXFileReference; lastKnownFileType = sourcecode.swift; path = SceneDelegate.swift; sourceTree = "<group>"; };
		1A7C361226BF448C006F599D /* ContentView.swift */ = {isa = PBXFileReference; lastKnownFileType = sourcecode.swift; path = ContentView.swift; sourceTree = "<group>"; };
		1A7C361426BF4490006F599D /* Assets.xcassets */ = {isa = PBXFileReference; lastKnownFileType = folder.assetcatalog; path = Assets.xcassets; sourceTree = "<group>"; };
		1A7C361726BF4490006F599D /* Preview Assets.xcassets */ = {isa = PBXFileReference; lastKnownFileType = folder.assetcatalog; path = "Preview Assets.xcassets"; sourceTree = "<group>"; };
		1A7C361A26BF4490006F599D /* Base */ = {isa = PBXFileReference; lastKnownFileType = file.storyboard; name = Base; path = Base.lproj/LaunchScreen.storyboard; sourceTree = "<group>"; };
		1A7C361C26BF4490006F599D /* Info.plist */ = {isa = PBXFileReference; lastKnownFileType = text.plist.xml; path = Info.plist; sourceTree = "<group>"; };
		1A7D5B5026C551CF0030FECB /* SwiftUIButton.swift */ = {isa = PBXFileReference; lastKnownFileType = sourcecode.swift; path = SwiftUIButton.swift; sourceTree = "<group>"; };
		1A7D5B5626C55D070030FECB /* SwiftUITextField.swift */ = {isa = PBXFileReference; lastKnownFileType = sourcecode.swift; path = SwiftUITextField.swift; sourceTree = "<group>"; };
		1A7D5B5A26C58ADC0030FECB /* SwiftUITextEditor.swift */ = {isa = PBXFileReference; lastKnownFileType = sourcecode.swift; path = SwiftUITextEditor.swift; sourceTree = "<group>"; };
		1A7D5B5D26C623780030FECB /* SwiftUIImage.swift */ = {isa = PBXFileReference; lastKnownFileType = sourcecode.swift; path = SwiftUIImage.swift; sourceTree = "<group>"; };
		1AFE9A4426C2BFDF00034BB0 /* LandmarkList.swift */ = {isa = PBXFileReference; lastKnownFileType = sourcecode.swift; path = LandmarkList.swift; sourceTree = "<group>"; };
		1AFE9A4626C2C06B00034BB0 /* LandmarkDetail.swift */ = {isa = PBXFileReference; lastKnownFileType = sourcecode.swift; path = LandmarkDetail.swift; sourceTree = "<group>"; };
		1AFE9A4826C2DC7300034BB0 /* FavoriteButton.swift */ = {isa = PBXFileReference; lastKnownFileType = sourcecode.swift; path = FavoriteButton.swift; sourceTree = "<group>"; };
		1AFE9A4C26C2DED000034BB0 /* hikeData.json */ = {isa = PBXFileReference; fileEncoding = 4; lastKnownFileType = text.json; path = hikeData.json; sourceTree = "<group>"; };
		1AFE9A4E26C2DEE600034BB0 /* Hike.swift */ = {isa = PBXFileReference; lastKnownFileType = sourcecode.swift; path = Hike.swift; sourceTree = "<group>"; };
		1AFE9A5226C2E19000034BB0 /* HikeView.swift */ = {isa = PBXFileReference; fileEncoding = 4; lastKnownFileType = sourcecode.swift; path = HikeView.swift; sourceTree = "<group>"; };
		1AFE9A5326C2E19000034BB0 /* HikeDetail.swift */ = {isa = PBXFileReference; fileEncoding = 4; lastKnownFileType = sourcecode.swift; path = HikeDetail.swift; sourceTree = "<group>"; };
		1AFE9A5426C2E19000034BB0 /* GraphCapsule.swift */ = {isa = PBXFileReference; fileEncoding = 4; lastKnownFileType = sourcecode.swift; path = GraphCapsule.swift; sourceTree = "<group>"; };
		1AFE9A5526C2E19000034BB0 /* HikeGraph.swift */ = {isa = PBXFileReference; fileEncoding = 4; lastKnownFileType = sourcecode.swift; path = HikeGraph.swift; sourceTree = "<group>"; };
		1AFE9A5C26C3648400034BB0 /* CategoryHome.swift */ = {isa = PBXFileReference; lastKnownFileType = sourcecode.swift; path = CategoryHome.swift; sourceTree = "<group>"; };
		1AFE9A5F26C3AE9000034BB0 /* CategoryRow.swift */ = {isa = PBXFileReference; lastKnownFileType = sourcecode.swift; path = CategoryRow.swift; sourceTree = "<group>"; };
		1AFE9A6126C3B6CE00034BB0 /* CategoryItem.swift */ = {isa = PBXFileReference; lastKnownFileType = sourcecode.swift; path = CategoryItem.swift; sourceTree = "<group>"; };
		1AFE9A6326C3BF9D00034BB0 /* Main.swift */ = {isa = PBXFileReference; lastKnownFileType = sourcecode.swift; path = Main.swift; sourceTree = "<group>"; };
		1AFE9A6726C3C5D000034BB0 /* Profile.swift */ = {isa = PBXFileReference; lastKnownFileType = sourcecode.swift; path = Profile.swift; sourceTree = "<group>"; };
		1AFE9A6926C3C60100034BB0 /* ProfileHost.swift */ = {isa = PBXFileReference; lastKnownFileType = sourcecode.swift; path = ProfileHost.swift; sourceTree = "<group>"; };
		1AFE9A6B26C3F8CF00034BB0 /* ProfileSumary.swift */ = {isa = PBXFileReference; lastKnownFileType = sourcecode.swift; path = ProfileSumary.swift; sourceTree = "<group>"; };
		1AFE9A6E26C3FE0900034BB0 /* HikeBadge.swift */ = {isa = PBXFileReference; lastKnownFileType = sourcecode.swift; path = HikeBadge.swift; sourceTree = "<group>"; };
		1AFE9A7226C4007800034BB0 /* BadgeBackground.swift */ = {isa = PBXFileReference; fileEncoding = 4; lastKnownFileType = sourcecode.swift; path = BadgeBackground.swift; sourceTree = "<group>"; };
		1AFE9A7426C4007800034BB0 /* RotatedBadgeSymbol.swift */ = {isa = PBXFileReference; fileEncoding = 4; lastKnownFileType = sourcecode.swift; path = RotatedBadgeSymbol.swift; sourceTree = "<group>"; };
		1AFE9A7526C4007800034BB0 /* BadgeSymbol.swift */ = {isa = PBXFileReference; fileEncoding = 4; lastKnownFileType = sourcecode.swift; path = BadgeSymbol.swift; sourceTree = "<group>"; };
		1AFE9A7626C4007800034BB0 /* HexagonParameters.swift */ = {isa = PBXFileReference; fileEncoding = 4; lastKnownFileType = sourcecode.swift; path = HexagonParameters.swift; sourceTree = "<group>"; };
		1AFE9A7726C4007800034BB0 /* Badge.swift */ = {isa = PBXFileReference; fileEncoding = 4; lastKnownFileType = sourcecode.swift; path = Badge.swift; sourceTree = "<group>"; };
/* End PBXFileReference section */

/* Begin PBXFrameworksBuildPhase section */
		1A7C360826BF448C006F599D /* Frameworks */ = {
			isa = PBXFrameworksBuildPhase;
			buildActionMask = 2147483647;
			files = (
			);
			runOnlyForDeploymentPostprocessing = 0;
		};
/* End PBXFrameworksBuildPhase section */

/* Begin PBXGroup section */
		1A48CBE226C17D56002640DD /* SwiftUIComponents */ = {
			isa = PBXGroup;
			children = (
				1A7D5B5C26C617B20030FECB /* Image */,
				1A7D5B5526C55C930030FECB /* Button */,
				1A7D5B5226C559380030FECB /* Text */,
			);
			path = SwiftUIComponents;
			sourceTree = "<group>";
		};
		1A48CBE526C187C1002640DD /* SwiftUITutorial */ = {
			isa = PBXGroup;
			children = (
				1A48CBE626C187DC002640DD /* LandmarkApp */,
			);
			path = SwiftUITutorial;
			sourceTree = "<group>";
		};
		1A48CBE626C187DC002640DD /* LandmarkApp */ = {
			isa = PBXGroup;
			children = (
				1AFE9A4B26C2DEA500034BB0 /* Animation and Transitions */,
				1A48CBF526C1903F002640DD /* Resources */,
				1A48CBF426C19030002640DD /* Model */,
				1AFE9A4A26C2DCFB00034BB0 /* Helpers */,
				1A48CBF326C1901B002640DD /* Views */,
			);
			path = LandmarkApp;
			sourceTree = "<group>";
		};
		1A48CBF326C1901B002640DD /* Views */ = {
			isa = PBXGroup;
			children = (
				1AFE9A7E26C4008100034BB0 /* Badges */,
				1AFE9A6D26C3FDD500034BB0 /* Hikes */,
				1AFE9A6626C3C54100034BB0 /* Profile */,
				1AFE9A5B26C3647400034BB0 /* Categories */,
				1AFE9A6526C3C53000034BB0 /* List */,
			);
			path = Views;
			sourceTree = "<group>";
		};
		1A48CBF426C19030002640DD /* Model */ = {
			isa = PBXGroup;
			children = (
				1A48CBEF26C18F9E002640DD /* Landmark.swift */,
				1A48CBF126C18FFB002640DD /* ModelData.swift */,
				1AFE9A6726C3C5D000034BB0 /* Profile.swift */,
			);
			path = Model;
			sourceTree = "<group>";
		};
		1A48CBF526C1903F002640DD /* Resources */ = {
			isa = PBXGroup;
			children = (
				1A48CBED26C18E9D002640DD /* landmarkData.json */,
			);
			path = Resources;
			sourceTree = "<group>";
		};
		1A7C360226BF448C006F599D = {
			isa = PBXGroup;
			children = (
				1A7C360D26BF448C006F599D /* SwiftUIPart2 */,
				1A7C360C26BF448C006F599D /* Products */,
			);
			sourceTree = "<group>";
		};
		1A7C360C26BF448C006F599D /* Products */ = {
			isa = PBXGroup;
			children = (
				1A7C360B26BF448C006F599D /* SwiftUIPart2.app */,
			);
			name = Products;
			sourceTree = "<group>";
		};
		1A7C360D26BF448C006F599D /* SwiftUIPart2 */ = {
			isa = PBXGroup;
			children = (
				1A48CBE526C187C1002640DD /* SwiftUITutorial */,
				1A48CBE226C17D56002640DD /* SwiftUIComponents */,
				1A7C360E26BF448C006F599D /* AppDelegate.swift */,
				1A7C361026BF448C006F599D /* SceneDelegate.swift */,
				1A7C361226BF448C006F599D /* ContentView.swift */,
				1A7C361426BF4490006F599D /* Assets.xcassets */,
				1A7C361926BF4490006F599D /* LaunchScreen.storyboard */,
				1A7C361C26BF4490006F599D /* Info.plist */,
				1A7C361626BF4490006F599D /* Preview Content */,
			);
			path = SwiftUIPart2;
			sourceTree = "<group>";
		};
		1A7C361626BF4490006F599D /* Preview Content */ = {
			isa = PBXGroup;
			children = (
				1A7C361726BF4490006F599D /* Preview Assets.xcassets */,
			);
			path = "Preview Content";
			sourceTree = "<group>";
		};
		1A7D5B5226C559380030FECB /* Text */ = {
			isa = PBXGroup;
			children = (
				1A48CBE326C17D8C002640DD /* StaticLabel.swift */,
				1A7D5B5626C55D070030FECB /* SwiftUITextField.swift */,
				1A7D5B5A26C58ADC0030FECB /* SwiftUITextEditor.swift */,
			);
			path = Text;
			sourceTree = "<group>";
		};
		1A7D5B5526C55C930030FECB /* Button */ = {
			isa = PBXGroup;
			children = (
				1A7D5B5026C551CF0030FECB /* SwiftUIButton.swift */,
			);
			path = Button;
			sourceTree = "<group>";
		};
		1A7D5B5C26C617B20030FECB /* Image */ = {
			isa = PBXGroup;
			children = (
				1A7D5B5D26C623780030FECB /* SwiftUIImage.swift */,
			);
			path = Image;
			sourceTree = "<group>";
		};
		1AFE9A4A26C2DCFB00034BB0 /* Helpers */ = {
			isa = PBXGroup;
			children = (
				1A48CBE926C18987002640DD /* CircleImage.swift */,
				1A48CBEB26C18A1F002640DD /* MapView.swift */,
				1AFE9A4826C2DC7300034BB0 /* FavoriteButton.swift */,
			);
			path = Helpers;
			sourceTree = "<group>";
		};
		1AFE9A4B26C2DEA500034BB0 /* Animation and Transitions */ = {
			isa = PBXGroup;
			children = (
				1AFE9A5A26C2E19C00034BB0 /* Hikes */,
				1AFE9A4C26C2DED000034BB0 /* hikeData.json */,
				1AFE9A4E26C2DEE600034BB0 /* Hike.swift */,
			);
			path = "Animation and Transitions";
			sourceTree = "<group>";
		};
		1AFE9A5A26C2E19C00034BB0 /* Hikes */ = {
			isa = PBXGroup;
			children = (
				1AFE9A5426C2E19000034BB0 /* GraphCapsule.swift */,
				1AFE9A5326C2E19000034BB0 /* HikeDetail.swift */,
				1AFE9A5526C2E19000034BB0 /* HikeGraph.swift */,
				1AFE9A5226C2E19000034BB0 /* HikeView.swift */,
			);
			path = Hikes;
			sourceTree = "<group>";
		};
		1AFE9A5B26C3647400034BB0 /* Categories */ = {
			isa = PBXGroup;
			children = (
				1AFE9A5C26C3648400034BB0 /* CategoryHome.swift */,
				1AFE9A5F26C3AE9000034BB0 /* CategoryRow.swift */,
				1AFE9A6126C3B6CE00034BB0 /* CategoryItem.swift */,
				1AFE9A6326C3BF9D00034BB0 /* Main.swift */,
			);
			path = Categories;
			sourceTree = "<group>";
		};
		1AFE9A6526C3C53000034BB0 /* List */ = {
			isa = PBXGroup;
			children = (
				1A48CBF626C19066002640DD /* LandmarkRow.swift */,
				1AFE9A4426C2BFDF00034BB0 /* LandmarkList.swift */,
				1AFE9A4626C2C06B00034BB0 /* LandmarkDetail.swift */,
			);
			path = List;
			sourceTree = "<group>";
		};
		1AFE9A6626C3C54100034BB0 /* Profile */ = {
			isa = PBXGroup;
			children = (
				1AFE9A6926C3C60100034BB0 /* ProfileHost.swift */,
				1AFE9A6B26C3F8CF00034BB0 /* ProfileSumary.swift */,
			);
			path = Profile;
			sourceTree = "<group>";
		};
		1AFE9A6D26C3FDD500034BB0 /* Hikes */ = {
			isa = PBXGroup;
			children = (
				1AFE9A6E26C3FE0900034BB0 /* HikeBadge.swift */,
			);
			path = Hikes;
			sourceTree = "<group>";
		};
		1AFE9A7E26C4008100034BB0 /* Badges */ = {
			isa = PBXGroup;
			children = (
				1AFE9A7726C4007800034BB0 /* Badge.swift */,
				1AFE9A7226C4007800034BB0 /* BadgeBackground.swift */,
				1AFE9A7526C4007800034BB0 /* BadgeSymbol.swift */,
				1AFE9A7626C4007800034BB0 /* HexagonParameters.swift */,
				1AFE9A7426C4007800034BB0 /* RotatedBadgeSymbol.swift */,
			);
			path = Badges;
			sourceTree = "<group>";
		};
/* End PBXGroup section */

/* Begin PBXNativeTarget section */
		1A7C360A26BF448C006F599D /* SwiftUIPart2 */ = {
			isa = PBXNativeTarget;
			buildConfigurationList = 1A7C361F26BF4490006F599D /* Build configuration list for PBXNativeTarget "SwiftUIPart2" */;
			buildPhases = (
				1A7C360726BF448C006F599D /* Sources */,
				1A7C360826BF448C006F599D /* Frameworks */,
				1A7C360926BF448C006F599D /* Resources */,
			);
			buildRules = (
			);
			dependencies = (
			);
			name = SwiftUIPart2;
			productName = SwiftUIPart2;
			productReference = 1A7C360B26BF448C006F599D /* SwiftUIPart2.app */;
			productType = "com.apple.product-type.application";
		};
/* End PBXNativeTarget section */

/* Begin PBXProject section */
		1A7C360326BF448C006F599D /* Project object */ = {
			isa = PBXProject;
			attributes = {
				LastSwiftUpdateCheck = 1250;
				LastUpgradeCheck = 1250;
				TargetAttributes = {
					1A7C360A26BF448C006F599D = {
						CreatedOnToolsVersion = 12.5.1;
					};
				};
			};
			buildConfigurationList = 1A7C360626BF448C006F599D /* Build configuration list for PBXProject "SwiftUIPart2" */;
			compatibilityVersion = "Xcode 9.3";
			developmentRegion = en;
			hasScannedForEncodings = 0;
			knownRegions = (
				en,
				Base,
			);
			mainGroup = 1A7C360226BF448C006F599D;
			productRefGroup = 1A7C360C26BF448C006F599D /* Products */;
			projectDirPath = "";
			projectRoot = "";
			targets = (
				1A7C360A26BF448C006F599D /* SwiftUIPart2 */,
			);
		};
/* End PBXProject section */

/* Begin PBXResourcesBuildPhase section */
		1A7C360926BF448C006F599D /* Resources */ = {
			isa = PBXResourcesBuildPhase;
			buildActionMask = 2147483647;
			files = (
				1A7C361B26BF4490006F599D /* LaunchScreen.storyboard in Resources */,
				1A48CBEE26C18E9D002640DD /* landmarkData.json in Resources */,
				1A7C361826BF4490006F599D /* Preview Assets.xcassets in Resources */,
				1A7C361526BF4490006F599D /* Assets.xcassets in Resources */,
				1AFE9A4D26C2DED000034BB0 /* hikeData.json in Resources */,
			);
			runOnlyForDeploymentPostprocessing = 0;
		};
/* End PBXResourcesBuildPhase section */

/* Begin PBXSourcesBuildPhase section */
		1A7C360726BF448C006F599D /* Sources */ = {
			isa = PBXSourcesBuildPhase;
			buildActionMask = 2147483647;
			files = (
				1AFE9A7A26C4007800034BB0 /* RotatedBadgeSymbol.swift in Sources */,
				1AFE9A6C26C3F8CF00034BB0 /* ProfileSumary.swift in Sources */,
				1A48CBEC26C18A1F002640DD /* MapView.swift in Sources */,
				1AFE9A4526C2BFDF00034BB0 /* LandmarkList.swift in Sources */,
				1A48CBE426C17D8C002640DD /* StaticLabel.swift in Sources */,
				1A7D5B5726C55D070030FECB /* SwiftUITextField.swift in Sources */,
				1AFE9A7C26C4007800034BB0 /* HexagonParameters.swift in Sources */,
				1A7D5B5126C551D00030FECB /* SwiftUIButton.swift in Sources */,
				1AFE9A6A26C3C60100034BB0 /* ProfileHost.swift in Sources */,
				1AFE9A4926C2DC7300034BB0 /* FavoriteButton.swift in Sources */,
				1AFE9A4F26C2DEE600034BB0 /* Hike.swift in Sources */,
				1A48CBF226C18FFB002640DD /* ModelData.swift in Sources */,
				1AFE9A4726C2C06B00034BB0 /* LandmarkDetail.swift in Sources */,
				1A7C360F26BF448C006F599D /* AppDelegate.swift in Sources */,
				1AFE9A6F26C3FE0900034BB0 /* HikeBadge.swift in Sources */,
				1A48CBF026C18F9E002640DD /* Landmark.swift in Sources */,
				1AFE9A6426C3BF9D00034BB0 /* Main.swift in Sources */,
				1A7D5B5E26C623780030FECB /* SwiftUIImage.swift in Sources */,
				1A7D5B5B26C58ADC0030FECB /* SwiftUITextEditor.swift in Sources */,
				1AFE9A5626C2E19000034BB0 /* HikeView.swift in Sources */,
				1AFE9A5D26C3648400034BB0 /* CategoryHome.swift in Sources */,
				1A7C361126BF448C006F599D /* SceneDelegate.swift in Sources */,
				1A7C361326BF448C006F599D /* ContentView.swift in Sources */,
				1AFE9A5826C2E19000034BB0 /* GraphCapsule.swift in Sources */,
				1A48CBF726C19066002640DD /* LandmarkRow.swift in Sources */,
				1A48CBEA26C18987002640DD /* CircleImage.swift in Sources */,
				1AFE9A7B26C4007800034BB0 /* BadgeSymbol.swift in Sources */,
				1AFE9A7D26C4007800034BB0 /* Badge.swift in Sources */,
				1AFE9A5726C2E19000034BB0 /* HikeDetail.swift in Sources */,
				1AFE9A7826C4007800034BB0 /* BadgeBackground.swift in Sources */,
				1AFE9A5926C2E19000034BB0 /* HikeGraph.swift in Sources */,
				1AFE9A6826C3C5D000034BB0 /* Profile.swift in Sources */,
				1AFE9A6226C3B6CE00034BB0 /* CategoryItem.swift in Sources */,
				1AFE9A6026C3AE9000034BB0 /* CategoryRow.swift in Sources */,
			);
			runOnlyForDeploymentPostprocessing = 0;
		};
/* End PBXSourcesBuildPhase section */

/* Begin PBXVariantGroup section */
		1A7C361926BF4490006F599D /* LaunchScreen.storyboard */ = {
			isa = PBXVariantGroup;
			children = (
				1A7C361A26BF4490006F599D /* Base */,
			);
			name = LaunchScreen.storyboard;
			sourceTree = "<group>";
		};
/* End PBXVariantGroup section */

/* Begin XCBuildConfiguration section */
		1A7C361D26BF4490006F599D /* Debug */ = {
			isa = XCBuildConfiguration;
			buildSettings = {
				ALWAYS_SEARCH_USER_PATHS = NO;
				CLANG_ANALYZER_NONNULL = YES;
				CLANG_ANALYZER_NUMBER_OBJECT_CONVERSION = YES_AGGRESSIVE;
				CLANG_CXX_LANGUAGE_STANDARD = "gnu++14";
				CLANG_CXX_LIBRARY = "libc++";
				CLANG_ENABLE_MODULES = YES;
				CLANG_ENABLE_OBJC_ARC = YES;
				CLANG_ENABLE_OBJC_WEAK = YES;
				CLANG_WARN_BLOCK_CAPTURE_AUTORELEASING = YES;
				CLANG_WARN_BOOL_CONVERSION = YES;
				CLANG_WARN_COMMA = YES;
				CLANG_WARN_CONSTANT_CONVERSION = YES;
				CLANG_WARN_DEPRECATED_OBJC_IMPLEMENTATIONS = YES;
				CLANG_WARN_DIRECT_OBJC_ISA_USAGE = YES_ERROR;
				CLANG_WARN_DOCUMENTATION_COMMENTS = YES;
				CLANG_WARN_EMPTY_BODY = YES;
				CLANG_WARN_ENUM_CONVERSION = YES;
				CLANG_WARN_INFINITE_RECURSION = YES;
				CLANG_WARN_INT_CONVERSION = YES;
				CLANG_WARN_NON_LITERAL_NULL_CONVERSION = YES;
				CLANG_WARN_OBJC_IMPLICIT_RETAIN_SELF = YES;
				CLANG_WARN_OBJC_LITERAL_CONVERSION = YES;
				CLANG_WARN_OBJC_ROOT_CLASS = YES_ERROR;
				CLANG_WARN_QUOTED_INCLUDE_IN_FRAMEWORK_HEADER = YES;
				CLANG_WARN_RANGE_LOOP_ANALYSIS = YES;
				CLANG_WARN_STRICT_PROTOTYPES = YES;
				CLANG_WARN_SUSPICIOUS_MOVE = YES;
				CLANG_WARN_UNGUARDED_AVAILABILITY = YES_AGGRESSIVE;
				CLANG_WARN_UNREACHABLE_CODE = YES;
				CLANG_WARN__DUPLICATE_METHOD_MATCH = YES;
				COPY_PHASE_STRIP = NO;
				DEBUG_INFORMATION_FORMAT = dwarf;
				ENABLE_STRICT_OBJC_MSGSEND = YES;
				ENABLE_TESTABILITY = YES;
				GCC_C_LANGUAGE_STANDARD = gnu11;
				GCC_DYNAMIC_NO_PIC = NO;
				GCC_NO_COMMON_BLOCKS = YES;
				GCC_OPTIMIZATION_LEVEL = fast;
				GCC_PREPROCESSOR_DEFINITIONS = (
					"DEBUG=1",
					"$(inherited)",
				);
				GCC_WARN_64_TO_32_BIT_CONVERSION = YES;
				GCC_WARN_ABOUT_RETURN_TYPE = YES_ERROR;
				GCC_WARN_UNDECLARED_SELECTOR = YES;
				GCC_WARN_UNINITIALIZED_AUTOS = YES_AGGRESSIVE;
				GCC_WARN_UNUSED_FUNCTION = YES;
				GCC_WARN_UNUSED_VARIABLE = YES;
				IPHONEOS_DEPLOYMENT_TARGET = 14.5;
				MTL_ENABLE_DEBUG_INFO = INCLUDE_SOURCE;
				MTL_FAST_MATH = YES;
				ONLY_ACTIVE_ARCH = YES;
				SDKROOT = iphoneos;
				SWIFT_ACTIVE_COMPILATION_CONDITIONS = DEBUG;
				SWIFT_OPTIMIZATION_LEVEL = "-Onone";
			};
			name = Debug;
		};
		1A7C361E26BF4490006F599D /* Release */ = {
			isa = XCBuildConfiguration;
			buildSettings = {
				ALWAYS_SEARCH_USER_PATHS = NO;
				CLANG_ANALYZER_NONNULL = YES;
				CLANG_ANALYZER_NUMBER_OBJECT_CONVERSION = YES_AGGRESSIVE;
				CLANG_CXX_LANGUAGE_STANDARD = "gnu++14";
				CLANG_CXX_LIBRARY = "libc++";
				CLANG_ENABLE_MODULES = YES;
				CLANG_ENABLE_OBJC_ARC = YES;
				CLANG_ENABLE_OBJC_WEAK = YES;
				CLANG_WARN_BLOCK_CAPTURE_AUTORELEASING = YES;
				CLANG_WARN_BOOL_CONVERSION = YES;
				CLANG_WARN_COMMA = YES;
				CLANG_WARN_CONSTANT_CONVERSION = YES;
				CLANG_WARN_DEPRECATED_OBJC_IMPLEMENTATIONS = YES;
				CLANG_WARN_DIRECT_OBJC_ISA_USAGE = YES_ERROR;
				CLANG_WARN_DOCUMENTATION_COMMENTS = YES;
				CLANG_WARN_EMPTY_BODY = YES;
				CLANG_WARN_ENUM_CONVERSION = YES;
				CLANG_WARN_INFINITE_RECURSION = YES;
				CLANG_WARN_INT_CONVERSION = YES;
				CLANG_WARN_NON_LITERAL_NULL_CONVERSION = YES;
				CLANG_WARN_OBJC_IMPLICIT_RETAIN_SELF = YES;
				CLANG_WARN_OBJC_LITERAL_CONVERSION = YES;
				CLANG_WARN_OBJC_ROOT_CLASS = YES_ERROR;
				CLANG_WARN_QUOTED_INCLUDE_IN_FRAMEWORK_HEADER = YES;
				CLANG_WARN_RANGE_LOOP_ANALYSIS = YES;
				CLANG_WARN_STRICT_PROTOTYPES = YES;
				CLANG_WARN_SUSPICIOUS_MOVE = YES;
				CLANG_WARN_UNGUARDED_AVAILABILITY = YES_AGGRESSIVE;
				CLANG_WARN_UNREACHABLE_CODE = YES;
				CLANG_WARN__DUPLICATE_METHOD_MATCH = YES;
				COPY_PHASE_STRIP = NO;
				DEBUG_INFORMATION_FORMAT = "dwarf-with-dsym";
				ENABLE_NS_ASSERTIONS = NO;
				ENABLE_STRICT_OBJC_MSGSEND = YES;
				GCC_C_LANGUAGE_STANDARD = gnu11;
				GCC_NO_COMMON_BLOCKS = YES;
				GCC_WARN_64_TO_32_BIT_CONVERSION = YES;
				GCC_WARN_ABOUT_RETURN_TYPE = YES_ERROR;
				GCC_WARN_UNDECLARED_SELECTOR = YES;
				GCC_WARN_UNINITIALIZED_AUTOS = YES_AGGRESSIVE;
				GCC_WARN_UNUSED_FUNCTION = YES;
				GCC_WARN_UNUSED_VARIABLE = YES;
				IPHONEOS_DEPLOYMENT_TARGET = 14.5;
				MTL_ENABLE_DEBUG_INFO = NO;
				MTL_FAST_MATH = YES;
				SDKROOT = iphoneos;
				SWIFT_COMPILATION_MODE = wholemodule;
				SWIFT_OPTIMIZATION_LEVEL = "-O";
				VALIDATE_PRODUCT = YES;
			};
			name = Release;
		};
		1A7C362026BF4490006F599D /* Debug */ = {
			isa = XCBuildConfiguration;
			buildSettings = {
				ASSETCATALOG_COMPILER_APPICON_NAME = AppIcon;
				ASSETCATALOG_COMPILER_GLOBAL_ACCENT_COLOR_NAME = AccentColor;
				CODE_SIGN_STYLE = Automatic;
				DEVELOPMENT_ASSET_PATHS = "\"SwiftUIPart2/Preview Content\"";
				DEVELOPMENT_TEAM = 2SN4VSFT4Y;
				ENABLE_PREVIEWS = YES;
				INFOPLIST_FILE = SwiftUIPart2/Info.plist;
				LD_RUNPATH_SEARCH_PATHS = (
					"$(inherited)",
					"@executable_path/Frameworks",
				);
				PRODUCT_BUNDLE_IDENTIFIER = tung.nguyen.SwiftUIPart2;
				PRODUCT_NAME = "$(TARGET_NAME)";
				SWIFT_VERSION = 5.0;
				TARGETED_DEVICE_FAMILY = "1,2";
			};
			name = Debug;
		};
		1A7C362126BF4490006F599D /* Release */ = {
			isa = XCBuildConfiguration;
			buildSettings = {
				ASSETCATALOG_COMPILER_APPICON_NAME = AppIcon;
				ASSETCATALOG_COMPILER_GLOBAL_ACCENT_COLOR_NAME = AccentColor;
				CODE_SIGN_STYLE = Automatic;
				DEVELOPMENT_ASSET_PATHS = "\"SwiftUIPart2/Preview Content\"";
				DEVELOPMENT_TEAM = 2SN4VSFT4Y;
				ENABLE_PREVIEWS = YES;
				INFOPLIST_FILE = SwiftUIPart2/Info.plist;
				LD_RUNPATH_SEARCH_PATHS = (
					"$(inherited)",
					"@executable_path/Frameworks",
				);
				PRODUCT_BUNDLE_IDENTIFIER = tung.nguyen.SwiftUIPart2;
				PRODUCT_NAME = "$(TARGET_NAME)";
				SWIFT_VERSION = 5.0;
				TARGETED_DEVICE_FAMILY = "1,2";
			};
			name = Release;
		};
/* End XCBuildConfiguration section */

/* Begin XCConfigurationList section */
		1A7C360626BF448C006F599D /* Build configuration list for PBXProject "SwiftUIPart2" */ = {
			isa = XCConfigurationList;
			buildConfigurations = (
				1A7C361D26BF4490006F599D /* Debug */,
				1A7C361E26BF4490006F599D /* Release */,
			);
			defaultConfigurationIsVisible = 0;
			defaultConfigurationName = Release;
		};
		1A7C361F26BF4490006F599D /* Build configuration list for PBXNativeTarget "SwiftUIPart2" */ = {
			isa = XCConfigurationList;
			buildConfigurations = (
				1A7C362026BF4490006F599D /* Debug */,
				1A7C362126BF4490006F599D /* Release */,
			);
			defaultConfigurationIsVisible = 0;
			defaultConfigurationName = Release;
		};
/* End XCConfigurationList section */
	};
	rootObject = 1A7C360326BF448C006F599D /* Project object */;
}
